github.com/dblezek/tga v0.0.0-20150626111426-80720cbc1017 h1:awJfkE1xXsPK+yOi1JfFBYCrSBkZXWbOgEFL6dmYeUA=
github.com/dblezek/tga v0.0.0-20150626111426-80720cbc1017/go.mod h1:47yJHzYP/+2SCHY45B0eyR1QaecoOhkTTpS7UasE0DY=
github.com/godbus/dbus/v5 v5.1.0 h1:4KLkAxT3aOY8Li4FRJe/KvhoNFFxo0m6fNuFUO8QJUk=
github.com/godbus/dbus/v5 v5.1.0/go.mod h1:xhWf0FNVPg57R7Z0UbKHbJfkEywrmjJnf7w5xrFpKfA=
